// !$*UTF8*$!
{
	archiveVersion = 1;
	classes = {
	};
	objectVersion = 46;
	objects = {

/* Begin PBXBuildFile section */
		7109E6D116D329B2006151CA /* Foundation.framework in Frameworks */ = {isa = PBXBuildFile; fileRef = 7109E6D016D329B2006151CA /* Foundation.framework */; };
		7109E6E016D329E8006151CA /* NSArray+ADC.m in Sources */ = {isa = PBXBuildFile; fileRef = 7109E6DF16D329E8006151CA /* NSArray+ADC.m */; };
		7109E6E316D32A02006151CA /* NSObject+ADC.m in Sources */ = {isa = PBXBuildFile; fileRef = 7109E6E216D32A02006151CA /* NSObject+ADC.m */; };
		7109E6E616D32A3B006151CA /* NSDictionary+ADC.m in Sources */ = {isa = PBXBuildFile; fileRef = 7109E6E516D32A3B006151CA /* NSDictionary+ADC.m */; };
		7109E6E916D32A5F006151CA /* NSSet+ADC.m in Sources */ = {isa = PBXBuildFile; fileRef = 7109E6E816D32A5F006151CA /* NSSet+ADC.m */; };
		7109E6EB16D39644006151CA /* NSArray+ADC.h in Headers */ = {isa = PBXBuildFile; fileRef = 7109E6DE16D329E8006151CA /* NSArray+ADC.h */; settings = {ATTRIBUTES = (Public, ); }; };
		7109E6EC16D3964C006151CA /* NSDictionary+ADC.h in Headers */ = {isa = PBXBuildFile; fileRef = 7109E6E416D32A3B006151CA /* NSDictionary+ADC.h */; settings = {ATTRIBUTES = (Public, ); }; };
		7109E6ED16D3964C006151CA /* NSObject+ADC.h in Headers */ = {isa = PBXBuildFile; fileRef = 7109E6E116D32A02006151CA /* NSObject+ADC.h */; settings = {ATTRIBUTES = (Public, ); }; };
		7109E6EE16D3964C006151CA /* NSSet+ADC.h in Headers */ = {isa = PBXBuildFile; fileRef = 7109E6E716D32A5F006151CA /* NSSet+ADC.h */; settings = {ATTRIBUTES = (Public, ); }; };
/* End PBXBuildFile section */

/* Begin PBXCopyFilesBuildPhase section */
		7109E6CB16D329B2006151CA /* CopyFiles */ = {
			isa = PBXCopyFilesBuildPhase;
			buildActionMask = 2147483647;
			dstPath = "include/${PRODUCT_NAME}";
			dstSubfolderSpec = 16;
			files = (
			);
			runOnlyForDeploymentPostprocessing = 0;
		};
/* End PBXCopyFilesBuildPhase section */

/* Begin PBXFileReference section */
		7109E6CD16D329B2006151CA /* libADCExtensions.a */ = {isa = PBXFileReference; explicitFileType = archive.ar; includeInIndex = 0; path = libADCExtensions.a; sourceTree = BUILT_PRODUCTS_DIR; };
		7109E6D016D329B2006151CA /* Foundation.framework */ = {isa = PBXFileReference; lastKnownFileType = wrapper.framework; name = Foundation.framework; path = System/Library/Frameworks/Foundation.framework; sourceTree = SDKROOT; };
		7109E6D416D329B2006151CA /* ADCExtensions-Prefix.pch */ = {isa = PBXFileReference; lastKnownFileType = sourcecode.c.h; path = "ADCExtensions-Prefix.pch"; sourceTree = "<group>"; };
		7109E6DE16D329E8006151CA /* NSArray+ADC.h */ = {isa = PBXFileReference; fileEncoding = 4; lastKnownFileType = sourcecode.c.h; path = "NSArray+ADC.h"; sourceTree = "<group>"; };
		7109E6DF16D329E8006151CA /* NSArray+ADC.m */ = {isa = PBXFileReference; fileEncoding = 4; lastKnownFileType = sourcecode.c.objc; path = "NSArray+ADC.m"; sourceTree = "<group>"; };
		7109E6E116D32A02006151CA /* NSObject+ADC.h */ = {isa = PBXFileReference; fileEncoding = 4; lastKnownFileType = sourcecode.c.h; path = "NSObject+ADC.h"; sourceTree = "<group>"; };
		7109E6E216D32A02006151CA /* NSObject+ADC.m */ = {isa = PBXFileReference; fileEncoding = 4; lastKnownFileType = sourcecode.c.objc; path = "NSObject+ADC.m"; sourceTree = "<group>"; };
		7109E6E416D32A3B006151CA /* NSDictionary+ADC.h */ = {isa = PBXFileReference; fileEncoding = 4; lastKnownFileType = sourcecode.c.h; path = "NSDictionary+ADC.h"; sourceTree = "<group>"; };
		7109E6E516D32A3B006151CA /* NSDictionary+ADC.m */ = {isa = PBXFileReference; fileEncoding = 4; lastKnownFileType = sourcecode.c.objc; path = "NSDictionary+ADC.m"; sourceTree = "<group>"; };
		7109E6E716D32A5F006151CA /* NSSet+ADC.h */ = {isa = PBXFileReference; fileEncoding = 4; lastKnownFileType = sourcecode.c.h; path = "NSSet+ADC.h"; sourceTree = "<group>"; };
		7109E6E816D32A5F006151CA /* NSSet+ADC.m */ = {isa = PBXFileReference; fileEncoding = 4; lastKnownFileType = sourcecode.c.objc; path = "NSSet+ADC.m"; sourceTree = "<group>"; };
/* End PBXFileReference section */

/* Begin PBXFrameworksBuildPhase section */
		7109E6CA16D329B2006151CA /* Frameworks */ = {
			isa = PBXFrameworksBuildPhase;
			buildActionMask = 2147483647;
			files = (
				7109E6D116D329B2006151CA /* Foundation.framework in Frameworks */,
			);
			runOnlyForDeploymentPostprocessing = 0;
		};
/* End PBXFrameworksBuildPhase section */

/* Begin PBXGroup section */
		7109E6C416D329B2006151CA = {
			isa = PBXGroup;
			children = (
				7109E6D216D329B2006151CA /* ADCExtensions */,
				7109E6CF16D329B2006151CA /* Frameworks */,
				7109E6CE16D329B2006151CA /* Products */,
			);
			sourceTree = "<group>";
		};
		7109E6CE16D329B2006151CA /* Products */ = {
			isa = PBXGroup;
			children = (
				7109E6CD16D329B2006151CA /* libADCExtensions.a */,
			);
			name = Products;
			sourceTree = "<group>";
		};
		7109E6CF16D329B2006151CA /* Frameworks */ = {
			isa = PBXGroup;
			children = (
				7109E6D016D329B2006151CA /* Foundation.framework */,
			);
			name = Frameworks;
			sourceTree = "<group>";
		};
		7109E6D216D329B2006151CA /* ADCExtensions */ = {
			isa = PBXGroup;
			children = (
				7109E6DE16D329E8006151CA /* NSArray+ADC.h */,
				7109E6DF16D329E8006151CA /* NSArray+ADC.m */,
				7109E6E416D32A3B006151CA /* NSDictionary+ADC.h */,
				7109E6E516D32A3B006151CA /* NSDictionary+ADC.m */,
				7109E6E116D32A02006151CA /* NSObject+ADC.h */,
				7109E6E216D32A02006151CA /* NSObject+ADC.m */,
				7109E6E716D32A5F006151CA /* NSSet+ADC.h */,
				7109E6E816D32A5F006151CA /* NSSet+ADC.m */,
				7109E6D316D329B2006151CA /* Supporting Files */,
			);
			path = ADCExtensions;
			sourceTree = "<group>";
		};
		7109E6D316D329B2006151CA /* Supporting Files */ = {
			isa = PBXGroup;
			children = (
				7109E6D416D329B2006151CA /* ADCExtensions-Prefix.pch */,
			);
			name = "Supporting Files";
			sourceTree = "<group>";
		};
/* End PBXGroup section */

/* Begin PBXNativeTarget section */
		7109E6CC16D329B2006151CA /* ADCExtensions */ = {
			isa = PBXNativeTarget;
			buildConfigurationList = 7109E6DB16D329B2006151CA /* Build configuration list for PBXNativeTarget "ADCExtensions" */;
			buildPhases = (
				7109E6C916D329B2006151CA /* Sources */,
				7109E6CA16D329B2006151CA /* Frameworks */,
				7109E6CB16D329B2006151CA /* CopyFiles */,
			);
			buildRules = (
			);
			dependencies = (
			);
			name = ADCExtensions;
			productName = ADCExtensions;
			productReference = 7109E6CD16D329B2006151CA /* libADCExtensions.a */;
			productType = "com.apple.product-type.library.static";
		};
/* End PBXNativeTarget section */

/* Begin PBXProject section */
		7109E6C516D329B2006151CA /* Project object */ = {
			isa = PBXProject;
			attributes = {
				LastUpgradeCheck = 0460;
				ORGANIZATIONNAME = "Agustín de Cabrera";
			};
			buildConfigurationList = 7109E6C816D329B2006151CA /* Build configuration list for PBXProject "ADCExtensions" */;
			compatibilityVersion = "Xcode 3.2";
			developmentRegion = English;
			hasScannedForEncodings = 0;
			knownRegions = (
				en,
			);
			mainGroup = 7109E6C416D329B2006151CA;
			productRefGroup = 7109E6CE16D329B2006151CA /* Products */;
			projectDirPath = "";
			projectRoot = "";
			targets = (
				7109E6CC16D329B2006151CA /* ADCExtensions */,
			);
		};
/* End PBXProject section */

/* Begin PBXSourcesBuildPhase section */
		7109E6C916D329B2006151CA /* Sources */ = {
			isa = PBXSourcesBuildPhase;
			buildActionMask = 2147483647;
			files = (
				7109E6E016D329E8006151CA /* NSArray+ADC.m in Sources */,
				7109E6E316D32A02006151CA /* NSObject+ADC.m in Sources */,
				7109E6E616D32A3B006151CA /* NSDictionary+ADC.m in Sources */,
				7109E6E916D32A5F006151CA /* NSSet+ADC.m in Sources */,
			);
			runOnlyForDeploymentPostprocessing = 0;
		};
/* End PBXSourcesBuildPhase section */

/* Begin XCBuildConfiguration section */
		7109E6D916D329B2006151CA /* Debug */ = {
			isa = XCBuildConfiguration;
			buildSettings = {
				ALWAYS_SEARCH_USER_PATHS = NO;
				CLANG_CXX_LANGUAGE_STANDARD = "gnu++0x";
				CLANG_CXX_LIBRARY = "libc++";
				CLANG_ENABLE_OBJC_ARC = YES;
				CLANG_WARN_CONSTANT_CONVERSION = YES;
				CLANG_WARN_EMPTY_BODY = YES;
				CLANG_WARN_ENUM_CONVERSION = YES;
				CLANG_WARN_INT_CONVERSION = YES;
				CLANG_WARN__DUPLICATE_METHOD_MATCH = YES;
				COPY_PHASE_STRIP = NO;
				GCC_C_LANGUAGE_STANDARD = gnu99;
				GCC_DYNAMIC_NO_PIC = NO;
				GCC_OPTIMIZATION_LEVEL = 0;
				GCC_PREPROCESSOR_DEFINITIONS = (
					"DEBUG=1",
					"$(inherited)",
				);
				GCC_SYMBOLS_PRIVATE_EXTERN = NO;
				GCC_WARN_ABOUT_RETURN_TYPE = YES;
				GCC_WARN_UNINITIALIZED_AUTOS = YES;
				GCC_WARN_UNUSED_VARIABLE = YES;
				IPHONEOS_DEPLOYMENT_TARGET = 6.1;
				ONLY_ACTIVE_ARCH = YES;
				SDKROOT = iphoneos;
			};
			name = Debug;
		};
		7109E6DA16D329B2006151CA /* Release */ = {
			isa = XCBuildConfiguration;
			buildSettings = {
				ALWAYS_SEARCH_USER_PATHS = NO;
				CLANG_CXX_LANGUAGE_STANDARD = "gnu++0x";
				CLANG_CXX_LIBRARY = "libc++";
				CLANG_ENABLE_OBJC_ARC = YES;
				CLANG_WARN_CONSTANT_CONVERSION = YES;
				CLANG_WARN_EMPTY_BODY = YES;
				CLANG_WARN_ENUM_CONVERSION = YES;
				CLANG_WARN_INT_CONVERSION = YES;
				CLANG_WARN__DUPLICATE_METHOD_MATCH = YES;
				COPY_PHASE_STRIP = YES;
				GCC_C_LANGUAGE_STANDARD = gnu99;
				GCC_WARN_ABOUT_RETURN_TYPE = YES;
				GCC_WARN_UNINITIALIZED_AUTOS = YES;
				GCC_WARN_UNUSED_VARIABLE = YES;
				IPHONEOS_DEPLOYMENT_TARGET = 6.1;
				SDKROOT = iphoneos;
				VALIDATE_PRODUCT = YES;
			};
			name = Release;
		};
		7109E6DC16D329B2006151CA /* Debug */ = {
			isa = XCBuildConfiguration;
			buildSettings = {
				DSTROOT = /tmp/ADCExtensions.dst;
				GCC_PRECOMPILE_PREFIX_HEADER = YES;
				GCC_PREFIX_HEADER = "ADCExtensions/ADCExtensions-Prefix.pch";
				OTHER_LDFLAGS = "-ObjC";
				PRODUCT_NAME = "$(TARGET_NAME)";
				SKIP_INSTALL = YES;
			};
			name = Debug;
		};
		7109E6DD16D329B2006151CA /* Release */ = {
			isa = XCBuildConfiguration;
			buildSettings = {
				DSTROOT = /tmp/ADCExtensions.dst;
				GCC_PRECOMPILE_PREFIX_HEADER = YES;
				GCC_PREFIX_HEADER = "ADCExtensions/ADCExtensions-Prefix.pch";
				OTHER_LDFLAGS = "-ObjC";
				PRODUCT_NAME = "$(TARGET_NAME)";
				SKIP_INSTALL = YES;
			};
			name = Release;
		};
/* End XCBuildConfiguration section */

/* Begin XCConfigurationList section */
		7109E6C816D329B2006151CA /* Build configuration list for PBXProject "ADCExtensions" */ = {
			isa = XCConfigurationList;
			buildConfigurations = (
				7109E6D916D329B2006151CA /* Debug */,
				7109E6DA16D329B2006151CA /* Release */,
			);
			defaultConfigurationIsVisible = 0;
			defaultConfigurationName = Release;
		};
		7109E6DB16D329B2006151CA /* Build configuration list for PBXNativeTarget "ADCExtensions" */ = {
			isa = XCConfigurationList;
			buildConfigurations = (
				7109E6DC16D329B2006151CA /* Debug */,
				7109E6DD16D329B2006151CA /* Release */,
			);
			defaultConfigurationIsVisible = 0;
		};
/* End XCConfigurationList section */
	};
	rootObject = 7109E6C516D329B2006151CA /* Project object */;
}
