// !$*UTF8*$!
{
	archiveVersion = 1;
	classes = {
	};
	objectVersion = 46;
	objects = {

/* Begin PBXBuildFile section */
		7109E6D116D329B2006151CA /* Foundation.framework in Frameworks */ = {isa = PBXBuildFile; fileRef = 7109E6D016D329B2006151CA /* Foundation.framework */; };
		7109E6E016D329E8006151CA /* NSArray+ADC.m in Sources */ = {isa = PBXBuildFile; fileRef = 7109E6DF16D329E8006151CA /* NSArray+ADC.m */; };
		7109E6E316D32A02006151CA /* NSObject+ADC.m in Sources */ = {isa = PBXBuildFile; fileRef = 7109E6E216D32A02006151CA /* NSObject+ADC.m */; };
		7109E6E616D32A3B006151CA /* NSDictionary+ADC.m in Sources */ = {isa = PBXBuildFile; fileRef = 7109E6E516D32A3B006151CA /* NSDictionary+ADC.m */; };
		7109E6E916D32A5F006151CA /* NSSet+ADC.m in Sources */ = {isa = PBXBuildFile; fileRef = 7109E6E816D32A5F006151CA /* NSSet+ADC.m */; };
		7109E6EB16D39644006151CA /* NSArray+ADC.h in Headers */ = {isa = PBXBuildFile; fileRef = 7109E6DE16D329E8006151CA /* NSArray+ADC.h */; settings = {ATTRIBUTES = (Public, ); }; };
		7109E6EC16D3964C006151CA /* NSDictionary+ADC.h in Headers */ = {isa = PBXBuildFile; fileRef = 7109E6E416D32A3B006151CA /* NSDictionary+ADC.h */; settings = {ATTRIBUTES = (Public, ); }; };
		7109E6ED16D3964C006151CA /* NSObject+ADC.h in Headers */ = {isa = PBXBuildFile; fileRef = 7109E6E116D32A02006151CA /* NSObject+ADC.h */; settings = {ATTRIBUTES = (Public, ); }; };
		7109E6EE16D3964C006151CA /* NSSet+ADC.h in Headers */ = {isa = PBXBuildFile; fileRef = 7109E6E716D32A5F006151CA /* NSSet+ADC.h */; settings = {ATTRIBUTES = (Public, ); }; };
		7109E6F016D3AC76006151CA /* ADCExtensions.h in Headers */ = {isa = PBXBuildFile; fileRef = 7109E6EF16D3AC71006151CA /* ADCExtensions.h */; settings = {ATTRIBUTES = (Public, ); }; };
		7109E6F316D3AD00006151CA /* UIView+ADC.h in Headers */ = {isa = PBXBuildFile; fileRef = 7109E6F116D3AD00006151CA /* UIView+ADC.h */; };
		7109E6F416D3AD00006151CA /* UIView+ADC.m in Sources */ = {isa = PBXBuildFile; fileRef = 7109E6F216D3AD00006151CA /* UIView+ADC.m */; };
		7109E6F716D3AF73006151CA /* math+ADC.h in Headers */ = {isa = PBXBuildFile; fileRef = 7109E6F516D3AF73006151CA /* math+ADC.h */; };
		7109E6F816D3AF73006151CA /* math+ADC.m in Sources */ = {isa = PBXBuildFile; fileRef = 7109E6F616D3AF73006151CA /* math+ADC.m */; };
		7109E6FB16D3B041006151CA /* NSNumber+ADC.h in Headers */ = {isa = PBXBuildFile; fileRef = 7109E6F916D3B041006151CA /* NSNumber+ADC.h */; };
		7109E6FC16D3B041006151CA /* NSNumber+ADC.m in Sources */ = {isa = PBXBuildFile; fileRef = 7109E6FA16D3B041006151CA /* NSNumber+ADC.m */; };
		7109E6FF16D3B070006151CA /* UIKit.framework in Frameworks */ = {isa = PBXBuildFile; fileRef = 7109E6FD16D3B05B006151CA /* UIKit.framework */; };
		710E392816D3B29800AA1F48 /* NSString+ADC.h in Headers */ = {isa = PBXBuildFile; fileRef = 710E392616D3B29800AA1F48 /* NSString+ADC.h */; };
		710E392916D3B29800AA1F48 /* NSString+ADC.m in Sources */ = {isa = PBXBuildFile; fileRef = 710E392716D3B29800AA1F48 /* NSString+ADC.m */; };
		717A41F8179587E900A3F2B9 /* NSSetSortingTest.m in Sources */ = {isa = PBXBuildFile; fileRef = 717A41F7179587E900A3F2B9 /* NSSetSortingTest.m */; };
		7185AD5E17938A3100A12973 /* NSArray+Functional.m in Sources */ = {isa = PBXBuildFile; fileRef = 7185AD5D17938A2B00A12973 /* NSArray+Functional.m */; };
		7185AD6117938ACA00A12973 /* NSArray+Creation.h in Headers */ = {isa = PBXBuildFile; fileRef = 7185AD5F17938ACA00A12973 /* NSArray+Creation.h */; };
		7185AD6217938ACA00A12973 /* NSArray+Creation.m in Sources */ = {isa = PBXBuildFile; fileRef = 7185AD6017938ACA00A12973 /* NSArray+Creation.m */; };
		7185AD6517938B3F00A12973 /* NSDictionary+Functional.h in Headers */ = {isa = PBXBuildFile; fileRef = 7185AD6317938B3F00A12973 /* NSDictionary+Functional.h */; };
		7185AD6617938B3F00A12973 /* NSDictionary+Functional.m in Sources */ = {isa = PBXBuildFile; fileRef = 7185AD6417938B3F00A12973 /* NSDictionary+Functional.m */; };
		7185AD6A17938BC400A12973 /* NSSet+Functional.h in Headers */ = {isa = PBXBuildFile; fileRef = 7185AD6817938BC400A12973 /* NSSet+Functional.h */; };
		7185AD6B17938BC400A12973 /* NSSet+Functional.m in Sources */ = {isa = PBXBuildFile; fileRef = 7185AD6917938BC400A12973 /* NSSet+Functional.m */; };
		7185AD6E179398B600A12973 /* NSSet+Sorting.h in Headers */ = {isa = PBXBuildFile; fileRef = 7185AD6C179398B600A12973 /* NSSet+Sorting.h */; };
		7185AD6F179398B600A12973 /* NSSet+Sorting.m in Sources */ = {isa = PBXBuildFile; fileRef = 7185AD6D179398B600A12973 /* NSSet+Sorting.m */; };
		7185AD7217939A4100A12973 /* NSArray+Sorting.h in Headers */ = {isa = PBXBuildFile; fileRef = 7185AD7017939A4100A12973 /* NSArray+Sorting.h */; };
		7185AD7317939A4100A12973 /* NSArray+Sorting.m in Sources */ = {isa = PBXBuildFile; fileRef = 7185AD7117939A4100A12973 /* NSArray+Sorting.m */; };
		7185AD7617939E6500A12973 /* NSObject+Casting.h in Headers */ = {isa = PBXBuildFile; fileRef = 7185AD7417939E6500A12973 /* NSObject+Casting.h */; };
		7185AD7717939E6500A12973 /* NSObject+Casting.m in Sources */ = {isa = PBXBuildFile; fileRef = 7185AD7517939E6500A12973 /* NSObject+Casting.m */; };
		71D9BA8B1794E2CB00EC6593 /* NSEnumerator+Functional.h in Headers */ = {isa = PBXBuildFile; fileRef = 71D9BA891794E2CB00EC6593 /* NSEnumerator+Functional.h */; };
		71D9BA8C1794E2CB00EC6593 /* NSEnumerator+Functional.m in Sources */ = {isa = PBXBuildFile; fileRef = 71D9BA8A1794E2CB00EC6593 /* NSEnumerator+Functional.m */; };
		71D9BA931794F0B600EC6593 /* XCTest.framework in Frameworks */ = {isa = PBXBuildFile; fileRef = 71D9BA921794F0B600EC6593 /* XCTest.framework */; };
		71D9BA941794F0B600EC6593 /* Foundation.framework in Frameworks */ = {isa = PBXBuildFile; fileRef = 7109E6D016D329B2006151CA /* Foundation.framework */; };
		71D9BA951794F0B600EC6593 /* UIKit.framework in Frameworks */ = {isa = PBXBuildFile; fileRef = 7109E6FD16D3B05B006151CA /* UIKit.framework */; };
		71D9BAA51794F13200EC6593 /* NSNumberTest.m in Sources */ = {isa = PBXBuildFile; fileRef = 71D9BAA41794F13200EC6593 /* NSNumberTest.m */; };
		71D9BAA61794F37A00EC6593 /* NSNumber+ADC.m in Sources */ = {isa = PBXBuildFile; fileRef = 7109E6FA16D3B041006151CA /* NSNumber+ADC.m */; };
		71D9BAA71794F39000EC6593 /* math+ADC.m in Sources */ = {isa = PBXBuildFile; fileRef = 7109E6F616D3AF73006151CA /* math+ADC.m */; };
		71D9BAA81794F39000EC6593 /* NSObject+ADC.m in Sources */ = {isa = PBXBuildFile; fileRef = 7109E6E216D32A02006151CA /* NSObject+ADC.m */; };
		71D9BAA91794F39000EC6593 /* NSObject+Casting.m in Sources */ = {isa = PBXBuildFile; fileRef = 7185AD7517939E6500A12973 /* NSObject+Casting.m */; };
		71D9BAAA1794F39000EC6593 /* NSString+ADC.m in Sources */ = {isa = PBXBuildFile; fileRef = 710E392716D3B29800AA1F48 /* NSString+ADC.m */; };
		71D9BAAB1794F39000EC6593 /* UIView+ADC.m in Sources */ = {isa = PBXBuildFile; fileRef = 7109E6F216D3AD00006151CA /* UIView+ADC.m */; };
		71D9BAAC1794F39000EC6593 /* NSArray+ADC.m in Sources */ = {isa = PBXBuildFile; fileRef = 7109E6DF16D329E8006151CA /* NSArray+ADC.m */; };
		71D9BAAD1794F39000EC6593 /* NSArray+Functional.m in Sources */ = {isa = PBXBuildFile; fileRef = 7185AD5D17938A2B00A12973 /* NSArray+Functional.m */; };
		71D9BAAE1794F39000EC6593 /* NSArray+Sorting.m in Sources */ = {isa = PBXBuildFile; fileRef = 7185AD7117939A4100A12973 /* NSArray+Sorting.m */; };
		71D9BAAF1794F39000EC6593 /* NSArray+Creation.m in Sources */ = {isa = PBXBuildFile; fileRef = 7185AD6017938ACA00A12973 /* NSArray+Creation.m */; };
		71D9BAB01794F39000EC6593 /* NSDictionary+ADC.m in Sources */ = {isa = PBXBuildFile; fileRef = 7109E6E516D32A3B006151CA /* NSDictionary+ADC.m */; };
		71D9BAB11794F39000EC6593 /* NSDictionary+Functional.m in Sources */ = {isa = PBXBuildFile; fileRef = 7185AD6417938B3F00A12973 /* NSDictionary+Functional.m */; };
		71D9BAB21794F39000EC6593 /* NSSet+ADC.m in Sources */ = {isa = PBXBuildFile; fileRef = 7109E6E816D32A5F006151CA /* NSSet+ADC.m */; };
		71D9BAB31794F39000EC6593 /* NSSet+Functional.m in Sources */ = {isa = PBXBuildFile; fileRef = 7185AD6917938BC400A12973 /* NSSet+Functional.m */; };
		71D9BAB41794F39000EC6593 /* NSSet+Sorting.m in Sources */ = {isa = PBXBuildFile; fileRef = 7185AD6D179398B600A12973 /* NSSet+Sorting.m */; };
		71D9BAB51794F39000EC6593 /* NSEnumerator+Functional.m in Sources */ = {isa = PBXBuildFile; fileRef = 71D9BA8A1794E2CB00EC6593 /* NSEnumerator+Functional.m */; };
		71D9BAB71794F47A00EC6593 /* NSStringTest.m in Sources */ = {isa = PBXBuildFile; fileRef = 71D9BAB61794F47A00EC6593 /* NSStringTest.m */; };
		71D9BAB91794F57100EC6593 /* NSObjectCastingTest.m in Sources */ = {isa = PBXBuildFile; fileRef = 71D9BAB81794F57100EC6593 /* NSObjectCastingTest.m */; };
		71D9BABB1794F67500EC6593 /* NSArrayTest.m in Sources */ = {isa = PBXBuildFile; fileRef = 71D9BABA1794F67500EC6593 /* NSArrayTest.m */; };
		71D9BABD1794FD6900EC6593 /* NSDictionaryTest.m in Sources */ = {isa = PBXBuildFile; fileRef = 71D9BABC1794FD6900EC6593 /* NSDictionaryTest.m */; };
		71D9BABF179500A500EC6593 /* NSSetTest.m in Sources */ = {isa = PBXBuildFile; fileRef = 71D9BABE179500A500EC6593 /* NSSetTest.m */; };
		71D9BAC11795861600EC6593 /* NSArraySortingTest.m in Sources */ = {isa = PBXBuildFile; fileRef = 71D9BAC01795861600EC6593 /* NSArraySortingTest.m */; };
/* End PBXBuildFile section */

/* Begin PBXContainerItemProxy section */
		71D9BA9F1794F0B600EC6593 /* PBXContainerItemProxy */ = {
			isa = PBXContainerItemProxy;
			containerPortal = 7109E6C516D329B2006151CA /* Project object */;
			proxyType = 1;
			remoteGlobalIDString = 7109E6CC16D329B2006151CA;
			remoteInfo = ADCExtensions;
		};
/* End PBXContainerItemProxy section */

/* Begin PBXFileReference section */
		7109E6CD16D329B2006151CA /* libADCExtensions.a */ = {isa = PBXFileReference; explicitFileType = archive.ar; includeInIndex = 0; path = libADCExtensions.a; sourceTree = BUILT_PRODUCTS_DIR; };
		7109E6D016D329B2006151CA /* Foundation.framework */ = {isa = PBXFileReference; lastKnownFileType = wrapper.framework; name = Foundation.framework; path = System/Library/Frameworks/Foundation.framework; sourceTree = SDKROOT; };
		7109E6D416D329B2006151CA /* ADCExtensions-Prefix.pch */ = {isa = PBXFileReference; lastKnownFileType = sourcecode.c.h; path = "ADCExtensions-Prefix.pch"; sourceTree = "<group>"; };
		7109E6DE16D329E8006151CA /* NSArray+ADC.h */ = {isa = PBXFileReference; fileEncoding = 4; lastKnownFileType = sourcecode.c.h; path = "NSArray+ADC.h"; sourceTree = "<group>"; };
		7109E6DF16D329E8006151CA /* NSArray+ADC.m */ = {isa = PBXFileReference; fileEncoding = 4; lastKnownFileType = sourcecode.c.objc; path = "NSArray+ADC.m"; sourceTree = "<group>"; };
		7109E6E116D32A02006151CA /* NSObject+ADC.h */ = {isa = PBXFileReference; fileEncoding = 4; lastKnownFileType = sourcecode.c.h; path = "NSObject+ADC.h"; sourceTree = "<group>"; };
		7109E6E216D32A02006151CA /* NSObject+ADC.m */ = {isa = PBXFileReference; fileEncoding = 4; lastKnownFileType = sourcecode.c.objc; path = "NSObject+ADC.m"; sourceTree = "<group>"; };
		7109E6E416D32A3B006151CA /* NSDictionary+ADC.h */ = {isa = PBXFileReference; fileEncoding = 4; lastKnownFileType = sourcecode.c.h; path = "NSDictionary+ADC.h"; sourceTree = "<group>"; };
		7109E6E516D32A3B006151CA /* NSDictionary+ADC.m */ = {isa = PBXFileReference; fileEncoding = 4; lastKnownFileType = sourcecode.c.objc; path = "NSDictionary+ADC.m"; sourceTree = "<group>"; };
		7109E6E716D32A5F006151CA /* NSSet+ADC.h */ = {isa = PBXFileReference; fileEncoding = 4; lastKnownFileType = sourcecode.c.h; path = "NSSet+ADC.h"; sourceTree = "<group>"; };
		7109E6E816D32A5F006151CA /* NSSet+ADC.m */ = {isa = PBXFileReference; fileEncoding = 4; lastKnownFileType = sourcecode.c.objc; path = "NSSet+ADC.m"; sourceTree = "<group>"; };
		7109E6EF16D3AC71006151CA /* ADCExtensions.h */ = {isa = PBXFileReference; lastKnownFileType = sourcecode.c.h; path = ADCExtensions.h; sourceTree = "<group>"; };
		7109E6F116D3AD00006151CA /* UIView+ADC.h */ = {isa = PBXFileReference; fileEncoding = 4; lastKnownFileType = sourcecode.c.h; path = "UIView+ADC.h"; sourceTree = "<group>"; };
		7109E6F216D3AD00006151CA /* UIView+ADC.m */ = {isa = PBXFileReference; fileEncoding = 4; lastKnownFileType = sourcecode.c.objc; path = "UIView+ADC.m"; sourceTree = "<group>"; };
		7109E6F516D3AF73006151CA /* math+ADC.h */ = {isa = PBXFileReference; fileEncoding = 4; lastKnownFileType = sourcecode.c.h; path = "math+ADC.h"; sourceTree = "<group>"; };
		7109E6F616D3AF73006151CA /* math+ADC.m */ = {isa = PBXFileReference; fileEncoding = 4; lastKnownFileType = sourcecode.c.objc; path = "math+ADC.m"; sourceTree = "<group>"; };
		7109E6F916D3B041006151CA /* NSNumber+ADC.h */ = {isa = PBXFileReference; fileEncoding = 4; lastKnownFileType = sourcecode.c.h; path = "NSNumber+ADC.h"; sourceTree = "<group>"; };
		7109E6FA16D3B041006151CA /* NSNumber+ADC.m */ = {isa = PBXFileReference; fileEncoding = 4; lastKnownFileType = sourcecode.c.objc; path = "NSNumber+ADC.m"; sourceTree = "<group>"; };
		7109E6FD16D3B05B006151CA /* UIKit.framework */ = {isa = PBXFileReference; lastKnownFileType = wrapper.framework; name = UIKit.framework; path = System/Library/Frameworks/UIKit.framework; sourceTree = SDKROOT; };
		710E392616D3B29800AA1F48 /* NSString+ADC.h */ = {isa = PBXFileReference; fileEncoding = 4; lastKnownFileType = sourcecode.c.h; path = "NSString+ADC.h"; sourceTree = "<group>"; };
		710E392716D3B29800AA1F48 /* NSString+ADC.m */ = {isa = PBXFileReference; fileEncoding = 4; lastKnownFileType = sourcecode.c.objc; path = "NSString+ADC.m"; sourceTree = "<group>"; };
		717A41F7179587E900A3F2B9 /* NSSetSortingTest.m */ = {isa = PBXFileReference; fileEncoding = 4; lastKnownFileType = sourcecode.c.objc; path = NSSetSortingTest.m; sourceTree = "<group>"; };
		7185AD5C17938A2B00A12973 /* NSArray+Functional.h */ = {isa = PBXFileReference; lastKnownFileType = sourcecode.c.h; path = "NSArray+Functional.h"; sourceTree = "<group>"; };
		7185AD5D17938A2B00A12973 /* NSArray+Functional.m */ = {isa = PBXFileReference; lastKnownFileType = sourcecode.c.objc; path = "NSArray+Functional.m"; sourceTree = "<group>"; };
		7185AD5F17938ACA00A12973 /* NSArray+Creation.h */ = {isa = PBXFileReference; fileEncoding = 4; lastKnownFileType = sourcecode.c.h; path = "NSArray+Creation.h"; sourceTree = "<group>"; };
		7185AD6017938ACA00A12973 /* NSArray+Creation.m */ = {isa = PBXFileReference; fileEncoding = 4; lastKnownFileType = sourcecode.c.objc; path = "NSArray+Creation.m"; sourceTree = "<group>"; };
		7185AD6317938B3F00A12973 /* NSDictionary+Functional.h */ = {isa = PBXFileReference; fileEncoding = 4; lastKnownFileType = sourcecode.c.h; path = "NSDictionary+Functional.h"; sourceTree = "<group>"; };
		7185AD6417938B3F00A12973 /* NSDictionary+Functional.m */ = {isa = PBXFileReference; fileEncoding = 4; lastKnownFileType = sourcecode.c.objc; path = "NSDictionary+Functional.m"; sourceTree = "<group>"; };
		7185AD6817938BC400A12973 /* NSSet+Functional.h */ = {isa = PBXFileReference; fileEncoding = 4; lastKnownFileType = sourcecode.c.h; path = "NSSet+Functional.h"; sourceTree = "<group>"; };
		7185AD6917938BC400A12973 /* NSSet+Functional.m */ = {isa = PBXFileReference; fileEncoding = 4; lastKnownFileType = sourcecode.c.objc; path = "NSSet+Functional.m"; sourceTree = "<group>"; };
		7185AD6C179398B600A12973 /* NSSet+Sorting.h */ = {isa = PBXFileReference; fileEncoding = 4; lastKnownFileType = sourcecode.c.h; path = "NSSet+Sorting.h"; sourceTree = "<group>"; };
		7185AD6D179398B600A12973 /* NSSet+Sorting.m */ = {isa = PBXFileReference; fileEncoding = 4; lastKnownFileType = sourcecode.c.objc; path = "NSSet+Sorting.m"; sourceTree = "<group>"; };
		7185AD7017939A4100A12973 /* NSArray+Sorting.h */ = {isa = PBXFileReference; fileEncoding = 4; lastKnownFileType = sourcecode.c.h; path = "NSArray+Sorting.h"; sourceTree = "<group>"; };
		7185AD7117939A4100A12973 /* NSArray+Sorting.m */ = {isa = PBXFileReference; fileEncoding = 4; lastKnownFileType = sourcecode.c.objc; path = "NSArray+Sorting.m"; sourceTree = "<group>"; };
		7185AD7417939E6500A12973 /* NSObject+Casting.h */ = {isa = PBXFileReference; fileEncoding = 4; lastKnownFileType = sourcecode.c.h; path = "NSObject+Casting.h"; sourceTree = "<group>"; };
		7185AD7517939E6500A12973 /* NSObject+Casting.m */ = {isa = PBXFileReference; fileEncoding = 4; lastKnownFileType = sourcecode.c.objc; path = "NSObject+Casting.m"; sourceTree = "<group>"; };
		71D9BA891794E2CB00EC6593 /* NSEnumerator+Functional.h */ = {isa = PBXFileReference; fileEncoding = 4; lastKnownFileType = sourcecode.c.h; path = "NSEnumerator+Functional.h"; sourceTree = "<group>"; };
		71D9BA8A1794E2CB00EC6593 /* NSEnumerator+Functional.m */ = {isa = PBXFileReference; fileEncoding = 4; lastKnownFileType = sourcecode.c.objc; path = "NSEnumerator+Functional.m"; sourceTree = "<group>"; };
		71D9BA911794F0B600EC6593 /* ADCExtensions Tests.xctest */ = {isa = PBXFileReference; explicitFileType = wrapper.cfbundle; includeInIndex = 0; path = "ADCExtensions Tests.xctest"; sourceTree = BUILT_PRODUCTS_DIR; };
		71D9BA921794F0B600EC6593 /* XCTest.framework */ = {isa = PBXFileReference; lastKnownFileType = wrapper.framework; name = XCTest.framework; path = Library/Frameworks/XCTest.framework; sourceTree = DEVELOPER_DIR; };
		71D9BA9E1794F0B600EC6593 /* ADCExtensions Tests-Prefix.pch */ = {isa = PBXFileReference; lastKnownFileType = sourcecode.c.h; path = "ADCExtensions Tests-Prefix.pch"; sourceTree = "<group>"; };
		71D9BAA41794F13200EC6593 /* NSNumberTest.m */ = {isa = PBXFileReference; fileEncoding = 4; lastKnownFileType = sourcecode.c.objc; path = NSNumberTest.m; sourceTree = "<group>"; };
		71D9BAB61794F47A00EC6593 /* NSStringTest.m */ = {isa = PBXFileReference; fileEncoding = 4; lastKnownFileType = sourcecode.c.objc; path = NSStringTest.m; sourceTree = "<group>"; };
		71D9BAB81794F57100EC6593 /* NSObjectCastingTest.m */ = {isa = PBXFileReference; fileEncoding = 4; lastKnownFileType = sourcecode.c.objc; path = NSObjectCastingTest.m; sourceTree = "<group>"; };
		71D9BABA1794F67500EC6593 /* NSArrayTest.m */ = {isa = PBXFileReference; fileEncoding = 4; lastKnownFileType = sourcecode.c.objc; path = NSArrayTest.m; sourceTree = "<group>"; };
		71D9BABC1794FD6900EC6593 /* NSDictionaryTest.m */ = {isa = PBXFileReference; fileEncoding = 4; lastKnownFileType = sourcecode.c.objc; path = NSDictionaryTest.m; sourceTree = "<group>"; };
		71D9BABE179500A500EC6593 /* NSSetTest.m */ = {isa = PBXFileReference; fileEncoding = 4; lastKnownFileType = sourcecode.c.objc; path = NSSetTest.m; sourceTree = "<group>"; };
		71D9BAC01795861600EC6593 /* NSArraySortingTest.m */ = {isa = PBXFileReference; fileEncoding = 4; lastKnownFileType = sourcecode.c.objc; path = NSArraySortingTest.m; sourceTree = "<group>"; };
/* End PBXFileReference section */

/* Begin PBXFrameworksBuildPhase section */
		7109E6CA16D329B2006151CA /* Frameworks */ = {
			isa = PBXFrameworksBuildPhase;
			buildActionMask = 2147483647;
			files = (
				7109E6D116D329B2006151CA /* Foundation.framework in Frameworks */,
				7109E6FF16D3B070006151CA /* UIKit.framework in Frameworks */,
			);
			runOnlyForDeploymentPostprocessing = 0;
		};
		71D9BA8E1794F0B600EC6593 /* Frameworks */ = {
			isa = PBXFrameworksBuildPhase;
			buildActionMask = 2147483647;
			files = (
				71D9BA931794F0B600EC6593 /* XCTest.framework in Frameworks */,
				71D9BA951794F0B600EC6593 /* UIKit.framework in Frameworks */,
				71D9BA941794F0B600EC6593 /* Foundation.framework in Frameworks */,
			);
			runOnlyForDeploymentPostprocessing = 0;
		};
/* End PBXFrameworksBuildPhase section */

/* Begin PBXGroup section */
		7109E6C416D329B2006151CA = {
			isa = PBXGroup;
			children = (
				7109E6D216D329B2006151CA /* ADCExtensions */,
				7109E6D316D329B2006151CA /* Supporting Files */,
				71D9BA961794F0B600EC6593 /* ADCExtensions Tests */,
				7109E6CF16D329B2006151CA /* Frameworks */,
				7109E6CE16D329B2006151CA /* Products */,
			);
			sourceTree = "<group>";
		};
		7109E6CE16D329B2006151CA /* Products */ = {
			isa = PBXGroup;
			children = (
				7109E6CD16D329B2006151CA /* libADCExtensions.a */,
				71D9BA911794F0B600EC6593 /* ADCExtensions Tests.xctest */,
			);
			name = Products;
			sourceTree = "<group>";
		};
		7109E6CF16D329B2006151CA /* Frameworks */ = {
			isa = PBXGroup;
			children = (
				7109E6D016D329B2006151CA /* Foundation.framework */,
				7109E6FD16D3B05B006151CA /* UIKit.framework */,
				71D9BA921794F0B600EC6593 /* XCTest.framework */,
			);
			name = Frameworks;
			sourceTree = "<group>";
		};
		7109E6D216D329B2006151CA /* ADCExtensions */ = {
			isa = PBXGroup;
			children = (
				7109E6EF16D3AC71006151CA /* ADCExtensions.h */,
				7109E6F516D3AF73006151CA /* math+ADC.h */,
				7109E6F616D3AF73006151CA /* math+ADC.m */,
				7109E6F916D3B041006151CA /* NSNumber+ADC.h */,
				7109E6FA16D3B041006151CA /* NSNumber+ADC.m */,
				7109E6E116D32A02006151CA /* NSObject+ADC.h */,
				7109E6E216D32A02006151CA /* NSObject+ADC.m */,
				7185AD7417939E6500A12973 /* NSObject+Casting.h */,
				7185AD7517939E6500A12973 /* NSObject+Casting.m */,
				710E392616D3B29800AA1F48 /* NSString+ADC.h */,
				710E392716D3B29800AA1F48 /* NSString+ADC.m */,
				7109E6F116D3AD00006151CA /* UIView+ADC.h */,
				7109E6F216D3AD00006151CA /* UIView+ADC.m */,
				7185AD6717938B9E00A12973 /* Collections */,
			);
			path = ADCExtensions;
			sourceTree = "<group>";
		};
		7109E6D316D329B2006151CA /* Supporting Files */ = {
			isa = PBXGroup;
			children = (
				7109E6D416D329B2006151CA /* ADCExtensions-Prefix.pch */,
			);
			name = "Supporting Files";
			path = ADCExtensions;
			sourceTree = "<group>";
		};
		7185AD6717938B9E00A12973 /* Collections */ = {
			isa = PBXGroup;
			children = (
				7109E6DE16D329E8006151CA /* NSArray+ADC.h */,
				7109E6DF16D329E8006151CA /* NSArray+ADC.m */,
				7185AD5C17938A2B00A12973 /* NSArray+Functional.h */,
				7185AD5D17938A2B00A12973 /* NSArray+Functional.m */,
				7185AD7017939A4100A12973 /* NSArray+Sorting.h */,
				7185AD7117939A4100A12973 /* NSArray+Sorting.m */,
				7185AD5F17938ACA00A12973 /* NSArray+Creation.h */,
				7185AD6017938ACA00A12973 /* NSArray+Creation.m */,
				7109E6E416D32A3B006151CA /* NSDictionary+ADC.h */,
				7109E6E516D32A3B006151CA /* NSDictionary+ADC.m */,
				7185AD6317938B3F00A12973 /* NSDictionary+Functional.h */,
				7185AD6417938B3F00A12973 /* NSDictionary+Functional.m */,
				7109E6E716D32A5F006151CA /* NSSet+ADC.h */,
				7109E6E816D32A5F006151CA /* NSSet+ADC.m */,
				7185AD6817938BC400A12973 /* NSSet+Functional.h */,
				7185AD6917938BC400A12973 /* NSSet+Functional.m */,
				7185AD6C179398B600A12973 /* NSSet+Sorting.h */,
				7185AD6D179398B600A12973 /* NSSet+Sorting.m */,
				71D9BA891794E2CB00EC6593 /* NSEnumerator+Functional.h */,
				71D9BA8A1794E2CB00EC6593 /* NSEnumerator+Functional.m */,
			);
			name = Collections;
			sourceTree = "<group>";
		};
		71D9BA961794F0B600EC6593 /* ADCExtensions Tests */ = {
			isa = PBXGroup;
			children = (
				71D9BA971794F0B600EC6593 /* Supporting Files */,
				71D9BAA41794F13200EC6593 /* NSNumberTest.m */,
				71D9BAB61794F47A00EC6593 /* NSStringTest.m */,
				71D9BAB81794F57100EC6593 /* NSObjectCastingTest.m */,
				71D9BABA1794F67500EC6593 /* NSArrayTest.m */,
				71D9BAC01795861600EC6593 /* NSArraySortingTest.m */,
				71D9BABC1794FD6900EC6593 /* NSDictionaryTest.m */,
				71D9BABE179500A500EC6593 /* NSSetTest.m */,
				717A41F7179587E900A3F2B9 /* NSSetSortingTest.m */,
			);
			path = "ADCExtensions Tests";
			sourceTree = "<group>";
		};
		71D9BA971794F0B600EC6593 /* Supporting Files */ = {
			isa = PBXGroup;
			children = (
				71D9BA9E1794F0B600EC6593 /* ADCExtensions Tests-Prefix.pch */,
			);
			name = "Supporting Files";
			sourceTree = "<group>";
		};
/* End PBXGroup section */

/* Begin PBXHeadersBuildPhase section */
		7109E6EA16D39635006151CA /* Headers */ = {
			isa = PBXHeadersBuildPhase;
			buildActionMask = 2147483647;
			files = (
				71D9BA8B1794E2CB00EC6593 /* NSEnumerator+Functional.h in Headers */,
				7185AD6E179398B600A12973 /* NSSet+Sorting.h in Headers */,
				7109E6EB16D39644006151CA /* NSArray+ADC.h in Headers */,
				7185AD7217939A4100A12973 /* NSArray+Sorting.h in Headers */,
				7109E6EC16D3964C006151CA /* NSDictionary+ADC.h in Headers */,
				7185AD6117938ACA00A12973 /* NSArray+Creation.h in Headers */,
				7109E6ED16D3964C006151CA /* NSObject+ADC.h in Headers */,
				7109E6EE16D3964C006151CA /* NSSet+ADC.h in Headers */,
				7109E6F016D3AC76006151CA /* ADCExtensions.h in Headers */,
				7109E6F316D3AD00006151CA /* UIView+ADC.h in Headers */,
				7109E6F716D3AF73006151CA /* math+ADC.h in Headers */,
				7109E6FB16D3B041006151CA /* NSNumber+ADC.h in Headers */,
				710E392816D3B29800AA1F48 /* NSString+ADC.h in Headers */,
				7185AD6517938B3F00A12973 /* NSDictionary+Functional.h in Headers */,
				7185AD6A17938BC400A12973 /* NSSet+Functional.h in Headers */,
				7185AD7617939E6500A12973 /* NSObject+Casting.h in Headers */,
			);
			runOnlyForDeploymentPostprocessing = 0;
		};
/* End PBXHeadersBuildPhase section */

/* Begin PBXNativeTarget section */
		7109E6CC16D329B2006151CA /* ADCExtensions */ = {
			isa = PBXNativeTarget;
			buildConfigurationList = 7109E6DB16D329B2006151CA /* Build configuration list for PBXNativeTarget "ADCExtensions" */;
			buildPhases = (
				7109E6C916D329B2006151CA /* Sources */,
				7109E6CA16D329B2006151CA /* Frameworks */,
				7109E6EA16D39635006151CA /* Headers */,
			);
			buildRules = (
			);
			dependencies = (
			);
			name = ADCExtensions;
			productName = ADCExtensions;
			productReference = 7109E6CD16D329B2006151CA /* libADCExtensions.a */;
			productType = "com.apple.product-type.library.static";
		};
		71D9BA901794F0B600EC6593 /* ADCExtensions Tests */ = {
			isa = PBXNativeTarget;
			buildConfigurationList = 71D9BAA11794F0B600EC6593 /* Build configuration list for PBXNativeTarget "ADCExtensions Tests" */;
			buildPhases = (
				71D9BA8D1794F0B600EC6593 /* Sources */,
				71D9BA8E1794F0B600EC6593 /* Frameworks */,
				71D9BA8F1794F0B600EC6593 /* Resources */,
			);
			buildRules = (
			);
			dependencies = (
				71D9BAA01794F0B600EC6593 /* PBXTargetDependency */,
			);
			name = "ADCExtensions Tests";
			productName = "ADCExtensions Tests";
			productReference = 71D9BA911794F0B600EC6593 /* ADCExtensions Tests.xctest */;
			productType = "com.apple.product-type.bundle.unit-test";
		};
/* End PBXNativeTarget section */

/* Begin PBXProject section */
		7109E6C516D329B2006151CA /* Project object */ = {
			isa = PBXProject;
			attributes = {
				LastUpgradeCheck = 0460;
				ORGANIZATIONNAME = "Agustín de Cabrera";
				TargetAttributes = {
					71D9BA901794F0B600EC6593 = {
						TestTargetID = 7109E6CC16D329B2006151CA;
					};
				};
			};
			buildConfigurationList = 7109E6C816D329B2006151CA /* Build configuration list for PBXProject "ADCExtensions" */;
			compatibilityVersion = "Xcode 3.2";
			developmentRegion = English;
			hasScannedForEncodings = 0;
			knownRegions = (
				en,
			);
			mainGroup = 7109E6C416D329B2006151CA;
			productRefGroup = 7109E6CE16D329B2006151CA /* Products */;
			projectDirPath = "";
			projectRoot = "";
			targets = (
				7109E6CC16D329B2006151CA /* ADCExtensions */,
				71D9BA901794F0B600EC6593 /* ADCExtensions Tests */,
			);
		};
/* End PBXProject section */

/* Begin PBXResourcesBuildPhase section */
		71D9BA8F1794F0B600EC6593 /* Resources */ = {
			isa = PBXResourcesBuildPhase;
			buildActionMask = 2147483647;
			files = (
			);
			runOnlyForDeploymentPostprocessing = 0;
		};
/* End PBXResourcesBuildPhase section */

/* Begin PBXSourcesBuildPhase section */
		7109E6C916D329B2006151CA /* Sources */ = {
			isa = PBXSourcesBuildPhase;
			buildActionMask = 2147483647;
			files = (
				7185AD6B17938BC400A12973 /* NSSet+Functional.m in Sources */,
				7109E6E016D329E8006151CA /* NSArray+ADC.m in Sources */,
				7109E6E316D32A02006151CA /* NSObject+ADC.m in Sources */,
				7109E6E616D32A3B006151CA /* NSDictionary+ADC.m in Sources */,
				7109E6E916D32A5F006151CA /* NSSet+ADC.m in Sources */,
				71D9BA8C1794E2CB00EC6593 /* NSEnumerator+Functional.m in Sources */,
				7109E6F416D3AD00006151CA /* UIView+ADC.m in Sources */,
				7185AD6F179398B600A12973 /* NSSet+Sorting.m in Sources */,
				7185AD5E17938A3100A12973 /* NSArray+Functional.m in Sources */,
				7109E6F816D3AF73006151CA /* math+ADC.m in Sources */,
				7185AD7717939E6500A12973 /* NSObject+Casting.m in Sources */,
				7185AD6217938ACA00A12973 /* NSArray+Creation.m in Sources */,
				7109E6FC16D3B041006151CA /* NSNumber+ADC.m in Sources */,
				710E392916D3B29800AA1F48 /* NSString+ADC.m in Sources */,
				7185AD6617938B3F00A12973 /* NSDictionary+Functional.m in Sources */,
				7185AD7317939A4100A12973 /* NSArray+Sorting.m in Sources */,
			);
			runOnlyForDeploymentPostprocessing = 0;
		};
		71D9BA8D1794F0B600EC6593 /* Sources */ = {
			isa = PBXSourcesBuildPhase;
			buildActionMask = 2147483647;
			files = (
				71D9BAA81794F39000EC6593 /* NSObject+ADC.m in Sources */,
				71D9BAB71794F47A00EC6593 /* NSStringTest.m in Sources */,
				71D9BAAE1794F39000EC6593 /* NSArray+Sorting.m in Sources */,
				71D9BAA61794F37A00EC6593 /* NSNumber+ADC.m in Sources */,
				71D9BAA71794F39000EC6593 /* math+ADC.m in Sources */,
				71D9BAAC1794F39000EC6593 /* NSArray+ADC.m in Sources */,
				71D9BAA51794F13200EC6593 /* NSNumberTest.m in Sources */,
				71D9BAAD1794F39000EC6593 /* NSArray+Functional.m in Sources */,
				717A41F8179587E900A3F2B9 /* NSSetSortingTest.m in Sources */,
				71D9BAC11795861600EC6593 /* NSArraySortingTest.m in Sources */,
				71D9BAAA1794F39000EC6593 /* NSString+ADC.m in Sources */,
				71D9BAB41794F39000EC6593 /* NSSet+Sorting.m in Sources */,
				71D9BAB21794F39000EC6593 /* NSSet+ADC.m in Sources */,
				71D9BABF179500A500EC6593 /* NSSetTest.m in Sources */,
				71D9BABD1794FD6900EC6593 /* NSDictionaryTest.m in Sources */,
				71D9BAB31794F39000EC6593 /* NSSet+Functional.m in Sources */,
				71D9BAAB1794F39000EC6593 /* UIView+ADC.m in Sources */,
				71D9BAB11794F39000EC6593 /* NSDictionary+Functional.m in Sources */,
				71D9BAB91794F57100EC6593 /* NSObjectCastingTest.m in Sources */,
				71D9BAA91794F39000EC6593 /* NSObject+Casting.m in Sources */,
				71D9BABB1794F67500EC6593 /* NSArrayTest.m in Sources */,
				71D9BAB51794F39000EC6593 /* NSEnumerator+Functional.m in Sources */,
				71D9BAAF1794F39000EC6593 /* NSArray+Creation.m in Sources */,
				71D9BAB01794F39000EC6593 /* NSDictionary+ADC.m in Sources */,
			);
			runOnlyForDeploymentPostprocessing = 0;
		};
/* End PBXSourcesBuildPhase section */

/* Begin PBXTargetDependency section */
		71D9BAA01794F0B600EC6593 /* PBXTargetDependency */ = {
			isa = PBXTargetDependency;
			target = 7109E6CC16D329B2006151CA /* ADCExtensions */;
			targetProxy = 71D9BA9F1794F0B600EC6593 /* PBXContainerItemProxy */;
		};
/* End PBXTargetDependency section */

/* Begin XCBuildConfiguration section */
		7109E6D916D329B2006151CA /* Debug */ = {
			isa = XCBuildConfiguration;
			buildSettings = {
				ALWAYS_SEARCH_USER_PATHS = NO;
				CLANG_CXX_LANGUAGE_STANDARD = "gnu++0x";
				CLANG_CXX_LIBRARY = "libc++";
				CLANG_ENABLE_OBJC_ARC = YES;
				CLANG_WARN_CONSTANT_CONVERSION = YES;
				CLANG_WARN_EMPTY_BODY = YES;
				CLANG_WARN_ENUM_CONVERSION = YES;
				CLANG_WARN_INT_CONVERSION = YES;
				CLANG_WARN__DUPLICATE_METHOD_MATCH = YES;
				COPY_PHASE_STRIP = NO;
				GCC_C_LANGUAGE_STANDARD = gnu99;
				GCC_DYNAMIC_NO_PIC = NO;
				GCC_OPTIMIZATION_LEVEL = 0;
				GCC_PREPROCESSOR_DEFINITIONS = (
					"DEBUG=1",
					"$(inherited)",
				);
				GCC_SYMBOLS_PRIVATE_EXTERN = NO;
				GCC_WARN_ABOUT_RETURN_TYPE = YES;
				GCC_WARN_UNINITIALIZED_AUTOS = YES;
				GCC_WARN_UNUSED_VARIABLE = YES;
				IPHONEOS_DEPLOYMENT_TARGET = 6.1;
				ONLY_ACTIVE_ARCH = YES;
				SDKROOT = iphoneos;
			};
			name = Debug;
		};
		7109E6DA16D329B2006151CA /* Release */ = {
			isa = XCBuildConfiguration;
			buildSettings = {
				ALWAYS_SEARCH_USER_PATHS = NO;
				CLANG_CXX_LANGUAGE_STANDARD = "gnu++0x";
				CLANG_CXX_LIBRARY = "libc++";
				CLANG_ENABLE_OBJC_ARC = YES;
				CLANG_WARN_CONSTANT_CONVERSION = YES;
				CLANG_WARN_EMPTY_BODY = YES;
				CLANG_WARN_ENUM_CONVERSION = YES;
				CLANG_WARN_INT_CONVERSION = YES;
				CLANG_WARN__DUPLICATE_METHOD_MATCH = YES;
				COPY_PHASE_STRIP = YES;
				GCC_C_LANGUAGE_STANDARD = gnu99;
				GCC_WARN_ABOUT_RETURN_TYPE = YES;
				GCC_WARN_UNINITIALIZED_AUTOS = YES;
				GCC_WARN_UNUSED_VARIABLE = YES;
				IPHONEOS_DEPLOYMENT_TARGET = 6.1;
				SDKROOT = iphoneos;
				VALIDATE_PRODUCT = YES;
			};
			name = Release;
		};
		7109E6DC16D329B2006151CA /* Debug */ = {
			isa = XCBuildConfiguration;
			buildSettings = {
				DSTROOT = /tmp/ADCExtensions.dst;
				GCC_PRECOMPILE_PREFIX_HEADER = YES;
				GCC_PREFIX_HEADER = "ADCExtensions/ADCExtensions-Prefix.pch";
				OTHER_LDFLAGS = "-ObjC";
				PRIVATE_HEADERS_FOLDER_PATH = include;
				PRODUCT_NAME = "$(TARGET_NAME)";
				PUBLIC_HEADERS_FOLDER_PATH = include;
				SKIP_INSTALL = YES;
			};
			name = Debug;
		};
		7109E6DD16D329B2006151CA /* Release */ = {
			isa = XCBuildConfiguration;
			buildSettings = {
				DSTROOT = /tmp/ADCExtensions.dst;
				GCC_PRECOMPILE_PREFIX_HEADER = YES;
				GCC_PREFIX_HEADER = "ADCExtensions/ADCExtensions-Prefix.pch";
				OTHER_LDFLAGS = "-ObjC";
				PRIVATE_HEADERS_FOLDER_PATH = include;
				PRODUCT_NAME = "$(TARGET_NAME)";
				PUBLIC_HEADERS_FOLDER_PATH = include;
				SKIP_INSTALL = YES;
			};
			name = Release;
		};
		71D9BAA21794F0B600EC6593 /* Debug */ = {
			isa = XCBuildConfiguration;
			buildSettings = {
				CLANG_ENABLE_MODULES = YES;
				CLANG_WARN_BOOL_CONVERSION = YES;
				CLANG_WARN_DIRECT_OBJC_ISA_USAGE = YES_ERROR;
				CLANG_WARN_OBJC_ROOT_CLASS = YES_ERROR;
				FRAMEWORK_SEARCH_PATHS = (
					"$(SDKROOT)/Developer/Library/Frameworks",
					"$(inherited)",
					"$(SYSTEM_APPS_DIR)/Xcode5-DP.app/Contents/Developer/Library/Frameworks",
				);
				GCC_PRECOMPILE_PREFIX_HEADER = YES;
				GCC_PREFIX_HEADER = "ADCExtensions Tests/ADCExtensions Tests-Prefix.pch";
				GCC_PREPROCESSOR_DEFINITIONS = (
					"DEBUG=1",
					"$(inherited)",
				);
				GCC_WARN_ABOUT_RETURN_TYPE = YES_ERROR;
				GCC_WARN_UNDECLARED_SELECTOR = YES;
				GCC_WARN_UNUSED_FUNCTION = YES;
				IPHONEOS_DEPLOYMENT_TARGET = 7.0;
				PRODUCT_NAME = "$(TARGET_NAME)";
				WRAPPER_EXTENSION = xctest;
			};
			name = Debug;
		};
		71D9BAA31794F0B600EC6593 /* Release */ = {
			isa = XCBuildConfiguration;
			buildSettings = {
				CLANG_ENABLE_MODULES = YES;
				CLANG_WARN_BOOL_CONVERSION = YES;
				CLANG_WARN_DIRECT_OBJC_ISA_USAGE = YES_ERROR;
				CLANG_WARN_OBJC_ROOT_CLASS = YES_ERROR;
				ENABLE_NS_ASSERTIONS = NO;
				FRAMEWORK_SEARCH_PATHS = (
					"$(SDKROOT)/Developer/Library/Frameworks",
					"$(inherited)",
					"$(SYSTEM_APPS_DIR)/Xcode5-DP.app/Contents/Developer/Library/Frameworks",
				);
				GCC_PRECOMPILE_PREFIX_HEADER = YES;
				GCC_PREFIX_HEADER = "ADCExtensions Tests/ADCExtensions Tests-Prefix.pch";
				GCC_WARN_ABOUT_RETURN_TYPE = YES_ERROR;
				GCC_WARN_UNDECLARED_SELECTOR = YES;
				GCC_WARN_UNUSED_FUNCTION = YES;
				IPHONEOS_DEPLOYMENT_TARGET = 7.0;
				PRODUCT_NAME = "$(TARGET_NAME)";
				WRAPPER_EXTENSION = xctest;
			};
			name = Release;
		};
/* End XCBuildConfiguration section */

/* Begin XCConfigurationList section */
		7109E6C816D329B2006151CA /* Build configuration list for PBXProject "ADCExtensions" */ = {
			isa = XCConfigurationList;
			buildConfigurations = (
				7109E6D916D329B2006151CA /* Debug */,
				7109E6DA16D329B2006151CA /* Release */,
			);
			defaultConfigurationIsVisible = 0;
			defaultConfigurationName = Release;
		};
		7109E6DB16D329B2006151CA /* Build configuration list for PBXNativeTarget "ADCExtensions" */ = {
			isa = XCConfigurationList;
			buildConfigurations = (
				7109E6DC16D329B2006151CA /* Debug */,
				7109E6DD16D329B2006151CA /* Release */,
			);
			defaultConfigurationIsVisible = 0;
			defaultConfigurationName = Release;
		};
		71D9BAA11794F0B600EC6593 /* Build configuration list for PBXNativeTarget "ADCExtensions Tests" */ = {
			isa = XCConfigurationList;
			buildConfigurations = (
				71D9BAA21794F0B600EC6593 /* Debug */,
				71D9BAA31794F0B600EC6593 /* Release */,
			);
			defaultConfigurationIsVisible = 0;
			defaultConfigurationName = Release;
		};
/* End XCConfigurationList section */
	};
	rootObject = 7109E6C516D329B2006151CA /* Project object */;
}
